{
    "_meta": {
        "hash": {
            "sha256": "ee0f65acbca565dba9fed1a9c9a501c34471905f44afda124276d1c4d3411bb4"
        },
        "pipfile-spec": 6,
        "requires": {
            "python_version": "3.10"
        },
        "sources": [
            {
                "name": "pypi",
                "url": "https://pypi.org/simple",
                "verify_ssl": true
            }
        ]
    },
    "default": {
        "sly": {
            "hashes": [
                "sha256:e5f2266a231322cc17519fbc3a3ba1c6335fed5a9a55abe0e598a35aea0ac32a"
            ],
            "index": "pypi",
            "version": "==0.4"
        }
    },
    "develop": {}
}
